
Microsoft Visual Studio Solution File, Format Version 12.00
# Visual Studio Version 17
VisualStudioVersion = 17.5.33414.496
MinimumVisualStudioVersion = 10.0.40219.1
Project("{9A19103F-16F7-4668-BE54-9A1E7A4F7556}") = "Project2", "Project2\Project2.csproj", "{505834DB-210F-487F-A8E6-36F488C27F32}"
EndProject
Global
	GlobalSection(SolutionConfigurationPlatforms) = preSolution
		Debug|Any CPU = Debug|Any CPU
		Release|Any CPU = Release|Any CPU
	EndGlobalSection
	GlobalSection(ProjectConfigurationPlatforms) = postSolution
		{505834DB-210F-487F-A8E6-36F488C27F32}.Debug|Any CPU.ActiveCfg = Debug|Any CPU
		{505834DB-210F-487F-A8E6-36F488C27F32}.Debug|Any CPU.Build.0 = Debug|Any CPU
		{505834DB-210F-487F-A8E6-36F488C27F32}.Release|Any CPU.ActiveCfg = Release|Any CPU
		{505834DB-210F-487F-A8E6-36F488C27F32}.Release|Any CPU.Build.0 = Release|Any CPU
	EndGlobalSection
	GlobalSection(SolutionProperties) = preSolution
		HideSolutionNode = FALSE
	EndGlobalSection
	GlobalSection(ExtensibilityGlobals) = postSolution
		SolutionGuid = {9069664C-1A87-4175-A690-D6D18CCD2D7E}
	EndGlobalSection
EndGlobal
